# This file is generated by running "yarn install" inside your project.
# Manual changes might be lost - proceed with caution!

__metadata:
  version: 7
  cacheKey: 9

"@msgpack/msgpack@npm:^2.7.1":
  version: 2.7.2
  resolution: "@msgpack/msgpack@npm:2.7.2"
  checksum: 2476f11af6177dc448741f497c5e97b7bdaa3d5df41fc4fa2fd2ea1859df059996fb5c2ea4f3347b637285133d9bf8743f7b53ba8fe061636d652074a5a5be9a
  languageName: node
  linkType: hard

"@types/debug@npm:^4.1.7":
  version: 4.1.7
  resolution: "@types/debug@npm:4.1.7"
  dependencies:
    "@types/ms": "npm:*"
  checksum: ba0607de3a9b1bdffcfdb70198163c40089c4ef4be1d5ee2cac2c1593e4f74f9677b115922a251f55bf4a380ca4693b56a3f76ade349d6840e82ec9b18032708
  languageName: node
  linkType: hard

"@types/ms@npm:*":
  version: 0.7.31
  resolution: "@types/ms@npm:0.7.31"
  checksum: cccb52777bb683c65ac5bab61351cd3910c9ce3512b1d903a591fc9694bb83afad6e48bf0beee5b47b6a8b620a05f5d82f8febfd55de05e7d9eb93586cc196c8
  languageName: node
  linkType: hard

"@types/node@npm:^16":
  version: 16.11.51
  resolution: "@types/node@npm:16.11.51"
  checksum: f46376b4743abadd9fefb06a7f830fa8172ef91b59987e3c6d998698f0f7c72bda7398a2df0f48f6d512ff6b5d2815e86d88233eb7cd7fc2a6642d82570bee9a
  languageName: node
  linkType: hard

"@types/prettier@npm:^2":
  version: 2.7.0
  resolution: "@types/prettier@npm:2.7.0"
  checksum: ee4924676c522c0fcd10c7e03b225f09b420f5e2113cd70663539e963028bc6df3afe48055595398afeadb4871d23843d877822e673ffc62db17f23e455e0f29
  languageName: node
  linkType: hard

"@types/yargs-parser@npm:*":
  version: 21.0.0
  resolution: "@types/yargs-parser@npm:21.0.0"
  checksum: 81725f71214a1b174d970177759871e9c87f186cd37fe4638b0ae39ad1ee630fa488525048a9a582cd2e27585c4c253198f2d5756e1a5a161988783e23630f3d
  languageName: node
  linkType: hard

"@types/yargs@npm:^17.0.11":
  version: 17.0.11
  resolution: "@types/yargs@npm:17.0.11"
  dependencies:
    "@types/yargs-parser": "npm:*"
  checksum: af155547a98c72a942efeda0381347f97f95b52421d872afe2b76655d14bb2c43031f8fce58c9cce17b9a8a7f83215c92061a6bbaf02fa18bbc66221846ca278
  languageName: node
  linkType: hard

"ansi-regex@npm:^5.0.1":
  version: 5.0.1
  resolution: "ansi-regex@npm:5.0.1"
  checksum: 627f94ee7fcc5e03186646ebd11ca2ccd954f3cb48fc6a3f42883db6bbf3df5dfba06d62647b2f72c975349fc072c5c44808b7da26d08a9313a7f304acda2efb
  languageName: node
  linkType: hard

"ansi-styles@npm:^4.0.0":
  version: 4.3.0
  resolution: "ansi-styles@npm:4.3.0"
  dependencies:
    color-convert: "npm:^2.0.1"
  checksum: d15dab617b78cbc96f10016e929e921ad73695753de4e45a911ecee6e29aa45c71d58f1ffaf8e49889dbe726dbdb2bbe5b4e3a7bf1c517f8740ae83a29b7df25
  languageName: node
  linkType: hard

"asynckit@npm:^0.4.0":
  version: 0.4.0
  resolution: "asynckit@npm:0.4.0"
  checksum: e4d1381289f9effe69a4dbc18e8b4e2059113dfb23634d0f4064226042870dbc53175fbf261f982d055fa2952163a8b7608781ea58314a17bb6a2cd6815af4f1
  languageName: node
  linkType: hard

"axios@npm:^1.0.0-alpha.1":
  version: 1.0.0-alpha.1
  resolution: "axios@npm:1.0.0-alpha.1"
  dependencies:
    follow-redirects: "npm:^1.15.0"
    form-data: "npm:^4.0.0"
    proxy-from-env: "npm:^1.1.0"
  checksum: c8b66546bb1f9c0c39290b7a635ed6683023515e4c2a792f3c6117b0bbadbb5228eae724b9216dd7f455034192bea3e8e0a9264bfebfc3959bdf181df1e4c61c
  languageName: node
  linkType: hard

"cliui@npm:^7.0.2":
  version: 7.0.4
  resolution: "cliui@npm:7.0.4"
  dependencies:
    string-width: "npm:^4.2.0"
    strip-ansi: "npm:^6.0.0"
    wrap-ansi: "npm:^7.0.0"
  checksum: 11f16da76b7dc4a78bce29ea89445e2ad30cc7cf78954813095d187cc17924461cf42f941d481cd920ab1672221c709af677436179d6cb87f6176139117664aa
  languageName: node
  linkType: hard

"color-convert@npm:^2.0.1":
  version: 2.0.1
  resolution: "color-convert@npm:2.0.1"
  dependencies:
    color-name: "npm:~1.1.4"
  checksum: bf4d19d12621eae71a531e5b977f46717b15e0d3253f25790f5779b7577124e4d9c4597df05cee79e8f8e8fc14add04e738a659ee4336ee0cc5587ebc3c602e7
  languageName: node
  linkType: hard

"color-name@npm:~1.1.4":
  version: 1.1.4
  resolution: "color-name@npm:1.1.4"
  checksum: 80acf64638343898f5b36825f4c9715ced380e738400b308f3f90ca2327f2f98f0c2cfb1f1a6447f267a2e1d1ea2214f26e948d8acab547e5478e2b0816c7c30
  languageName: node
  linkType: hard

"combined-stream@npm:^1.0.8":
  version: 1.0.8
  resolution: "combined-stream@npm:1.0.8"
  dependencies:
    delayed-stream: "npm:~1.0.0"
  checksum: c3224efc798a4f2066ff2f65c28d60b48ec73b38bf76331ecc61814875cc5c8a93beccc268ca08aaa98a141c262de5787d68685b6682b8b67ad2dadb8bd2ddd2
  languageName: node
  linkType: hard

"crypto-js@npm:^4.1.1":
  version: 4.1.1
  resolution: "crypto-js@npm:4.1.1"
  checksum: 61073dadd191b478c9cfe3607355816a9d2caa4d63edf91645f3701bae900fd7acc9cde2678da134c8795b9a006b620440b8c76e8853a2ba394b0ab0f2cccacd
  languageName: node
  linkType: hard

"debug@npm:^4.3.2":
  version: 4.3.4
  resolution: "debug@npm:4.3.4"
  dependencies:
    ms: "npm:2.1.2"
  peerDependenciesMeta:
    supports-color:
      optional: true
  checksum: ab50d98b6f2a0e803379e8f789017f4215efd0e085774623e462c691e9f99bfd359a35f7424ff401da3ea58b31f89ceebc9ea35779b4a94f78b0ee3e235b6640
  languageName: node
  linkType: hard

"delayed-stream@npm:~1.0.0":
  version: 1.0.0
  resolution: "delayed-stream@npm:1.0.0"
  checksum: 22f11ed342773dbc427e84d5a972e5c67fc34a44bf80eead5a41d8697c9303ae32991e568921cbd82553deeb1b33f3d6ecc148bf0efe3789589c8cb7b0e1a53a
  languageName: node
  linkType: hard

"emoji-regex@npm:^8.0.0":
  version: 8.0.0
  resolution: "emoji-regex@npm:8.0.0"
  checksum: 0b84c9059a3f051e3da79112ee450f22bc8466dde2a7e09a0b1fc4eff3b98183596e6e2704d5356266851e2a013d95467421eb81c36408fbab1aeb3fc5e4764f
  languageName: node
  linkType: hard

"escalade@npm:^3.1.1":
  version: 3.1.1
  resolution: "escalade@npm:3.1.1"
  checksum: 37f3535f99193a5ff755af30866bb55828aff044bdc14e1844d0965470ba87ef686761fbbf2cea02955f1bb8510f72c3308e7dbe2d794fa85058a33bf60ea372
  languageName: node
  linkType: hard

"eventemitter3@npm:^4.0.7":
  version: 4.0.7
  resolution: "eventemitter3@npm:4.0.7"
  checksum: e6ecb1ac2fee59b0ba0e778564cec0a1fe0631f28a50f24aa0e7ba367e718c5f9b23156fb2c1d238bcebe7923dfff37a63c39b519121a47c7bf78c38c96febd8
  languageName: node
  linkType: hard

"follow-redirects@npm:^1.15.0":
  version: 1.15.1
  resolution: "follow-redirects@npm:1.15.1"
  peerDependenciesMeta:
    debug:
      optional: true
  checksum: 1f3e06bfb5c5351456e4fdb9197aa09158452d6400a06240a80204708b7a68f1bb47d6e94127112844136f66ad3283f9c92fa3c5c76aa96db8bd44214ea922b8
  languageName: node
  linkType: hard

"form-data@npm:^4.0.0":
  version: 4.0.0
  resolution: "form-data@npm:4.0.0"
  dependencies:
    asynckit: "npm:^0.4.0"
    combined-stream: "npm:^1.0.8"
    mime-types: "npm:^2.1.12"
  checksum: de37c5684d843842d2cc2bc44a975d9fecdf1df30d061c90b62fc0caeeeeb45794bceaba7aa52ee5eae8ede01ba44215b26c58f41cf64271c513787b7241fce4
  languageName: node
  linkType: hard

"get-caller-file@npm:^2.0.5":
  version: 2.0.5
  resolution: "get-caller-file@npm:2.0.5"
  checksum: 24c1eb494b27c789e9267d7220bb131e409427b793f9e2b07f772f8d84c44eb0b42b90c258d858ee758ec6a21092c16a1c78c5fac02c0df7c156bb7113307192
  languageName: node
  linkType: hard

"is-fullwidth-code-point@npm:^3.0.0":
  version: 3.0.0
  resolution: "is-fullwidth-code-point@npm:3.0.0"
  checksum: c06b5792b82dcdedb41858cdb07ca4ae5b9a853ad65c91529533221f384d751bedd8ad8db5a527cb219fd989c32a0faa0833312b6a190fe597acdd23165ef724
  languageName: node
  linkType: hard

"isomorphic-ws@npm:^4.0.1":
  version: 4.0.1
  resolution: "isomorphic-ws@npm:4.0.1"
  peerDependencies:
    ws: "*"
  checksum: da5f591865b0191b019d6a767426bc310bc4303f669dd50415342494396ce538faec463dbfcbdc15752f27f23a56c4988fd61ac1b7b49da15ea1b1c71f0304cc
  languageName: node
  linkType: hard

"mime-db@npm:1.52.0":
  version: 1.52.0
  resolution: "mime-db@npm:1.52.0"
  checksum: 95baf687a3f14ff2cc433e30dea5c4931c7f4b67059d44a0098cfb833858cad63ec13c20f98762bddd088c4e9dac6d95862db1ea9d3fe3fa68f57b69a325000d
  languageName: node
  linkType: hard

"mime-types@npm:^2.1.12":
  version: 2.1.35
  resolution: "mime-types@npm:2.1.35"
  dependencies:
    mime-db: "npm:1.52.0"
  checksum: 51e3b38d1b1b83da082f7c29042bcb22036101346394696b7643ef5da27ebf6bf71643bd45225ee75e4ea2836213780efc8c3dcd2055c84b49eb0afc061419d0
  languageName: node
  linkType: hard

"ms@npm:2.1.2":
  version: 2.1.2
  resolution: "ms@npm:2.1.2"
  checksum: 3f46af60a08158f1c77746c06c2f6c7aba7feddafd41335f9baa2d7e0741d7539774aa7d5d1661a7f2b7eed55a7063771297eea016051924dbb04d4c2bf40bcb
  languageName: node
  linkType: hard

"obs-websocket-js@npm:^5.0.1":
  version: 5.0.1
  resolution: "obs-websocket-js@npm:5.0.1"
  dependencies:
    "@msgpack/msgpack": "npm:^2.7.1"
    crypto-js: "npm:^4.1.1"
    debug: "npm:^4.3.2"
    eventemitter3: "npm:^4.0.7"
    isomorphic-ws: "npm:^4.0.1"
    type-fest: "npm:^2.3.2"
    ws: "npm:^8.2.2"
  checksum: a82de1c0ea4384d102762b7c78d98f203b2fee50cedf42a1e19613b696bc191e17809d3a1891cdc9895a49f79139ad8ed5a0bc7f55a859ea8fb0edf3c2ba727f
  languageName: node
  linkType: hard

"obs-websocket-streamtext@workspace:.":
  version: 0.0.0-use.local
  resolution: "obs-websocket-streamtext@workspace:."
  dependencies:
    "@types/debug": "npm:^4.1.7"
    "@types/node": "npm:^16"
    "@types/prettier": "npm:^2"
    "@types/yargs": "npm:^17.0.11"
    axios: "npm:^1.0.0-alpha.1"
    obs-websocket-js: "npm:^5.0.1"
    prettier: "npm:^2.7.1"
    typescript: "npm:^4.7.4"
    yargs: "npm:^17.5.1"
  languageName: unknown
  linkType: soft

"prettier@npm:^2.7.1":
  version: 2.7.1
  resolution: "prettier@npm:2.7.1"
  bin:
    prettier: bin-prettier.js
  checksum: d2cd7adc83b4f3eb86ab665fa76c58fb3c60c879b37e6d858f71a9d97d2091d4c8a7fe92ad6a1dfa211832025e3660635df9c5e27b3ef79c99d431923bdf933b
  languageName: node
  linkType: hard

"proxy-from-env@npm:^1.1.0":
  version: 1.1.0
  resolution: "proxy-from-env@npm:1.1.0"
  checksum: 0bba2ef7c8374b384e94e4477764e53df66fcdfa7d19e2c4a063cb39eea979c139ce13981970223665422e72b7d149609a927046e2e40ab340b84d91af082591
  languageName: node
  linkType: hard

"require-directory@npm:^2.1.1":
  version: 2.1.1
  resolution: "require-directory@npm:2.1.1"
  checksum: 1b1289dc30006e3c6576dd899ed812921f680d652005118cfabcf5d0679e885ff19a6659219e6705571a6ba7f4278f24d93b17f7e7e9ba28dc4b38e256f35d61
  languageName: node
  linkType: hard

"string-width@npm:^4.1.0, string-width@npm:^4.2.0, string-width@npm:^4.2.3":
  version: 4.2.3
  resolution: "string-width@npm:4.2.3"
  dependencies:
    emoji-regex: "npm:^8.0.0"
    is-fullwidth-code-point: "npm:^3.0.0"
    strip-ansi: "npm:^6.0.1"
  checksum: aa0f3e082b461e0dc8c54334ef2c748b777e7529c34d348ee16e69690da45e24f223804d94060633126462e2aa4906d6fbfab882f34036a9f4ccd3dbcd2d6931
  languageName: node
  linkType: hard

"strip-ansi@npm:^6.0.0, strip-ansi@npm:^6.0.1":
  version: 6.0.1
  resolution: "strip-ansi@npm:6.0.1"
  dependencies:
    ansi-regex: "npm:^5.0.1"
  checksum: 056ca08f8097351060572eee207ec66247937d7248780a3d643b5eed7d6b5ca6a0990a4f921ffd329e8e9b66427a384237892ac3cb47463adf7d040b154084ec
  languageName: node
  linkType: hard

"type-fest@npm:^2.3.2":
  version: 2.18.1
  resolution: "type-fest@npm:2.18.1"
  checksum: 908842018aea56f6e08dfdf814b07a7b1d517e7672ca0a4e5e1ae74e51c7aa0bd190a8d74b9162da07cbb0fe840e9118b49a42ae48cee6d2fbf1c5bb570659c4
  languageName: node
  linkType: hard

"typescript@npm:^4.7.4":
  version: 4.7.4
  resolution: "typescript@npm:4.7.4"
  bin:
    tsc: bin/tsc
    tsserver: bin/tsserver
  checksum: 0cec8f1c0fb0c6a9b437ee4e17819510eb294aad85291e940188fc4542a5554ffe1f73e4bc396c77d0a4d7dd1c17fd795634d50938fc3558e34f32d8a682118b
  languageName: node
  linkType: hard

"typescript@patch:typescript@npm%3A^4.7.4#optional!builtin<compat/typescript>":
  version: 4.7.4
  resolution: "typescript@patch:typescript@npm%3A4.7.4#optional!builtin<compat/typescript>::version=4.7.4&hash=f456af"
  bin:
    tsc: bin/tsc
    tsserver: bin/tsserver
  checksum: 19bcd9153bbacaabed753b39fbd6adb5417690230b07db63f02e22588865b444b7504da9b9fcdcca5b4ac34be19904271a266bfa54d75fcfb0f5d699cb1e2314
  languageName: node
  linkType: hard

"wrap-ansi@npm:^7.0.0":
  version: 7.0.0
  resolution: "wrap-ansi@npm:7.0.0"
  dependencies:
    ansi-styles: "npm:^4.0.0"
    string-width: "npm:^4.1.0"
    strip-ansi: "npm:^6.0.0"
  checksum: b72e4a1ebd582221c3d7eae2473c7841af1fd435defe08bb3854600013ced559b10efa767b4fdc6725402ab16b79f86f73e5d4edc7cf9214e15733ee34849aa0
  languageName: node
  linkType: hard

"ws@npm:^8.2.2":
  version: 8.8.1
  resolution: "ws@npm:8.8.1"
  peerDependencies:
    bufferutil: ^4.0.1
    utf-8-validate: ^5.0.2
  peerDependenciesMeta:
    bufferutil:
      optional: true
    utf-8-validate:
      optional: true
  checksum: 807217fa26495f179b03c1160bacaee829234b66f4d22b6df00dc335268e92b537add73edb84046827aadd858c997213d1c78743c571339fe25cc6d51d3e5dea
  languageName: node
  linkType: hard

"y18n@npm:^5.0.5":
  version: 5.0.8
  resolution: "y18n@npm:5.0.8"
  checksum: 10a6a4dcab8518b72a500520664b686bffe79d8e756af1a7eedf49fa72ab35e40f508896e0baa534f7f92e08193a6dad4283298c11ea7885e710c76b7e2bcc7a
  languageName: node
  linkType: hard

"yargs-parser@npm:^21.0.0":
  version: 21.1.1
  resolution: "yargs-parser@npm:21.1.1"
  checksum: fc4457cf1e4d7d41e5b3a1d62e86b3934af704dd8777979a3c4c573e08eea437801444622cd68607c0266d53b90d84e8e79fd4f5ff170d1be8860064111bbad6
  languageName: node
  linkType: hard

"yargs@npm:^17.5.1":
  version: 17.5.1
  resolution: "yargs@npm:17.5.1"
  dependencies:
    cliui: "npm:^7.0.2"
    escalade: "npm:^3.1.1"
    get-caller-file: "npm:^2.0.5"
    require-directory: "npm:^2.1.1"
    string-width: "npm:^4.2.3"
    y18n: "npm:^5.0.5"
    yargs-parser: "npm:^21.0.0"
  checksum: 73e3e3f22a5e278bd335bd2c61bbfdae8181ecb178c304ca8438a3f34065e63885639b81e01c6ffee44dfeee7172f224c857feaec0ac2a940580b93b626f5080
  languageName: node
  linkType: hard
